{
    "name": "org.cordova.quasar.app",
    "version": "1.0.0",
    "lockfileVersion": 1,
    "requires": true,
    "dependencies": {
        "abbrev": {
            "version": "1.1.1",
            "resolved": "https://registry.npm.taobao.org/abbrev/download/abbrev-1.1.1.tgz",
            "integrity": "sha1-+PLIh60Qv2f2NPAFtph/7TF5qsg="
        },
        "android-versions": {
            "version": "1.5.0",
            "resolved": "https://registry.npm.taobao.org/android-versions/download/android-versions-1.5.0.tgz",
            "integrity": "sha1-d5C8dOCBKq/Wn7GtDLTbRHSlJdY=",
            "requires": {
                "semver": "^5.4.1"
            }
        },
        "ansi": {
            "version": "0.3.1",
            "resolved": "https://registry.npm.taobao.org/ansi/download/ansi-0.3.1.tgz",
            "integrity": "sha1-DELU+xcWDVqa8eSEus4cZpIsGyE="
        },
        "array-ify": {
            "version": "1.0.0",
            "resolved": "https://registry.npm.taobao.org/array-ify/download/array-ify-1.0.0.tgz",
            "integrity": "sha1-nlKHYrSpBmrRY6aWKjZEGOlibs4="
        },
        "balanced-match": {
            "version": "1.0.0",
            "resolved": "https://registry.npm.taobao.org/balanced-match/download/balanced-match-1.0.0.tgz",
            "integrity": "sha1-ibTRmasr7kneFk6gK4nORi1xt2c="
        },
        "base64-js": {
            "version": "1.3.1",
            "resolved": "https://registry.npm.taobao.org/base64-js/download/base64-js-1.3.1.tgz",
            "integrity": "sha1-WOzoy3XdB+ce0IxzarxfrE2/jfE="
        },
        "big-integer": {
            "version": "1.6.47",
            "resolved": "https://registry.npm.taobao.org/big-integer/download/big-integer-1.6.47.tgz?cache=0&sync_timestamp=1570258600704&other_urls=https%3A%2F%2Fregistry.npm.taobao.org%2Fbig-integer%2Fdownload%2Fbig-integer-1.6.47.tgz",
            "integrity": "sha1-4ekyDibEzIH2T79LO7IOAlvxji0="
        },
        "bplist-creator": {
            "version": "0.0.8",
            "resolved": "https://registry.npmjs.org/bplist-creator/-/bplist-creator-0.0.8.tgz",
            "integrity": "sha512-Za9JKzD6fjLC16oX2wsXfc+qBEhJBJB1YPInoAQpMLhDuj5aVOv1baGeIQSq1Fr3OCqzvsoQcSBSwGId/Ja2PA==",
            "requires": {
                "stream-buffers": "~2.2.0"
            }
        },
        "bplist-parser": {
            "version": "0.1.1",
            "resolved": "https://registry.npm.taobao.org/bplist-parser/download/bplist-parser-0.1.1.tgz",
            "integrity": "sha1-1g1dzCDLptx+HymbNdPh+V2vuuY=",
            "requires": {
                "big-integer": "^1.6.7"
            }
        },
        "brace-expansion": {
            "version": "1.1.11",
            "resolved": "https://registry.npm.taobao.org/brace-expansion/download/brace-expansion-1.1.11.tgz",
            "integrity": "sha1-PH/L9SnYcibz0vUrlm/1Jx60Qd0=",
            "requires": {
                "balanced-match": "^1.0.0",
                "concat-map": "0.0.1"
            }
        },
        "compare-func": {
            "version": "1.3.2",
            "resolved": "https://registry.npm.taobao.org/compare-func/download/compare-func-1.3.2.tgz",
            "integrity": "sha1-md0LpFfh+bxyKxLAjsM+6rMfpkg=",
            "requires": {
                "array-ify": "^1.0.0",
                "dot-prop": "^3.0.0"
            }
        },
        "concat-map": {
            "version": "0.0.1",
            "resolved": "https://registry.npm.taobao.org/concat-map/download/concat-map-0.0.1.tgz",
            "integrity": "sha1-2Klr13/Wjfd5OnMDajug1UBdR3s="
        },
        "cordova-android": {
            "version": "8.1.0",
            "resolved": "https://registry.npm.taobao.org/cordova-android/download/cordova-android-8.1.0.tgz?cache=0&sync_timestamp=1571713449626&other_urls=https%3A%2F%2Fregistry.npm.taobao.org%2Fcordova-android%2Fdownload%2Fcordova-android-8.1.0.tgz",
            "integrity": "sha1-2a6mK75KTI0i/fIWFoaUOc0claA=",
            "requires": {
                "android-versions": "^1.4.0",
                "compare-func": "^1.3.2",
                "cordova-common": "^3.2.0",
                "nopt": "^4.0.1",
                "properties-parser": "^0.3.1",
                "q": "^1.5.1",
                "shelljs": "^0.5.3"
            }
        },
        "cordova-common": {
            "version": "3.2.0",
            "resolved": "https://registry.npm.taobao.org/cordova-common/download/cordova-common-3.2.0.tgz",
            "integrity": "sha1-mlySFfgX16CPvQFL+WPFROH+tnE=",
            "requires": {
                "ansi": "^0.3.1",
                "bplist-parser": "^0.1.0",
                "cross-spawn": "^6.0.5",
                "elementtree": "0.1.7",
                "endent": "^1.1.1",
                "fs-extra": "^8.0.0",
                "glob": "^7.1.2",
                "minimatch": "^3.0.0",
                "plist": "^3.0.1",
                "q": "^1.4.1",
                "strip-bom": "^3.0.0",
                "underscore": "^1.8.3",
                "which": "^1.3.0"
            }
        },
        "cordova-ios": {
            "version": "5.0.1",
            "resolved": "https://registry.npmjs.org/cordova-ios/-/cordova-ios-5.0.1.tgz",
            "integrity": "sha512-JcFyDmlyzY2OQJo0eHpuFERFqvO4daHl8HL96RhUVjJVtuoqXHsOF0xTuQSAqIbefelMPEWwY3Lc/dvT4ttTwQ==",
            "requires": {
                "cordova-common": "^3.1.0",
                "ios-sim": "^8.0.1",
                "nopt": "^4.0.1",
                "plist": "^3.0.1",
                "q": "^1.5.1",
                "shelljs": "^0.5.3",
                "unorm": "^1.4.1",
                "xcode": "^2.0.0",
                "xml-escape": "^1.1.0"
            }
        },
        "cordova-plugin-add-swift-support": {
            "version": "2.0.2",
            "resolved": "https://registry.npmjs.org/cordova-plugin-add-swift-support/-/cordova-plugin-add-swift-support-2.0.2.tgz",
            "integrity": "sha512-K03WDnsD3GT+n7Od3BnS17D8rYnAFZbZjjQJa2r7qW8QLq8+h7hGbFaiF+w5+nUtyAqUNq+HT/d/MdqBGLNzxA==",
            "requires": {
                "glob": "^7.1.3",
                "semver": "^6.0.0",
                "xcode": "^2.0.0"
            },
            "dependencies": {
                "semver": {
                    "version": "6.3.0",
                    "resolved": "https://registry.npmjs.org/semver/-/semver-6.3.0.tgz",
                    "integrity": "sha512-b39TBaTSfV6yBrapU89p5fKekE2m/NwnDocOVruQFS1/veMgdzuPcnOM34M6CwxW8jH/lxEa5rBoDeUwu5HHTw=="
                }
            }
        },
        "cordova-plugin-camera": {
            "version": "4.1.0",
            "resolved": "https://registry.npmjs.org/cordova-plugin-camera/-/cordova-plugin-camera-4.1.0.tgz",
            "integrity": "sha512-fCLhWjWYn49q3X5xaypAPgTz6MAWSKFFQvD2Gpi5SuVlrRPRphtX2jIqR2zCBuDTBR082QVnlc+yUDXt65Mjgw=="
        },
        "cordova-plugin-geolocation": {
            "version": "4.0.2",
            "resolved": "https://registry.npmjs.org/cordova-plugin-geolocation/-/cordova-plugin-geolocation-4.0.2.tgz",
            "integrity": "sha512-QGThnPKzPxESHkruZlpE0+5aFBVOet8al0vIJ7laSUOQHIC1dd/JY6peVIbtLboKi5Dap1wCKRubOqPqH8xcQA=="
        },
        "cordova-plugin-qrscanner": {
            "version": "3.0.1",
            "resolved": "https://registry.npmjs.org/cordova-plugin-qrscanner/-/cordova-plugin-qrscanner-3.0.1.tgz",
            "integrity": "sha512-xrwOP3nD+VmRSiV0w7chZ5PLw2YwpI9vtLdeoGNYLLzmmjjYbyIof+x9vOEOgjtwrg9S61rukmOZhQAmkzaosA==",
            "requires": {
                "qrcode-reader": "^1.0.4",
                "webrtc-adapter": "^3.1.4"
            }
        },
        "cordova-plugin-splashscreen": {
            "version": "5.0.3",
            "resolved": "https://registry.npm.taobao.org/cordova-plugin-splashscreen/download/cordova-plugin-splashscreen-5.0.3.tgz",
            "integrity": "sha1-AoIEcnccPhC0PO7dVLCh5GdO+m0="
        },
        "cordova-plugin-statusbar": {
            "version": "2.4.3",
            "resolved": "https://registry.npm.taobao.org/cordova-plugin-statusbar/download/cordova-plugin-statusbar-2.4.3.tgz",
            "integrity": "sha1-zFV672bCdITg9/BFAEBA0DMh+C0="
        },
        "cordova-plugin-whitelist": {
            "version": "1.3.4",
            "resolved": "https://registry.npm.taobao.org/cordova-plugin-whitelist/download/cordova-plugin-whitelist-1.3.4.tgz",
            "integrity": "sha1-MZOFRcfD5941wgqwjCw6+gboo/k=",
            "dev": true
        },
        "cross-spawn": {
            "version": "6.0.5",
            "resolved": "https://registry.npm.taobao.org/cross-spawn/download/cross-spawn-6.0.5.tgz",
            "integrity": "sha1-Sl7Hxk364iw6FBJNus3uhG2Ay8Q=",
            "requires": {
                "nice-try": "^1.0.4",
                "path-key": "^2.0.1",
                "semver": "^5.5.0",
                "shebang-command": "^1.2.0",
                "which": "^1.2.9"
            }
        },
        "dedent": {
            "version": "0.7.0",
            "resolved": "https://registry.npm.taobao.org/dedent/download/dedent-0.7.0.tgz",
            "integrity": "sha1-JJXduvbrh0q7Dhvp3yLS5aVEMmw="
        },
        "deep-equal": {
            "version": "1.0.1",
            "resolved": "https://registry.npm.taobao.org/deep-equal/download/deep-equal-1.0.1.tgz",
            "integrity": "sha1-9dJgKStmDghO/0zbyfCK0yR0SLU="
        },
        "define-properties": {
            "version": "1.1.3",
            "resolved": "https://registry.npm.taobao.org/define-properties/download/define-properties-1.1.3.tgz",
            "integrity": "sha1-z4jabL7ib+bbcJT2HYcMvYTO6fE=",
            "requires": {
                "object-keys": "^1.0.12"
            }
        },
        "defined": {
            "version": "1.0.0",
            "resolved": "https://registry.npm.taobao.org/defined/download/defined-1.0.0.tgz",
            "integrity": "sha1-yY2bzvdWdBiOEQlpFRGZ45sfppM="
        },
        "dot-prop": {
            "version": "3.0.0",
            "resolved": "https://registry.npm.taobao.org/dot-prop/download/dot-prop-3.0.0.tgz",
            "integrity": "sha1-G3CK8JSknJoOfbyteQq6U52sEXc=",
            "requires": {
                "is-obj": "^1.0.0"
            }
        },
        "elementtree": {
            "version": "0.1.7",
            "resolved": "https://registry.npm.taobao.org/elementtree/download/elementtree-0.1.7.tgz",
            "integrity": "sha1-mskb5uUvtuYkTE5UpKw+2K6OKcA=",
            "requires": {
                "sax": "1.1.4"
            }
        },
        "endent": {
            "version": "1.3.0",
            "resolved": "https://registry.npm.taobao.org/endent/download/endent-1.3.0.tgz",
            "integrity": "sha1-6oa1g9e3yv9cvuWtLHwyLrGQDHY=",
            "requires": {
                "dedent": "^0.7.0",
                "fast-json-parse": "^1.0.3",
                "objectorarray": "^1.0.3"
            }
        },
        "es-abstract": {
            "version": "1.16.0",
            "resolved": "https://registry.npm.taobao.org/es-abstract/download/es-abstract-1.16.0.tgz",
            "integrity": "sha1-06JtycMoOsl1DcpWlYbpdtncwG0=",
            "requires": {
                "es-to-primitive": "^1.2.0",
                "function-bind": "^1.1.1",
                "has": "^1.0.3",
                "has-symbols": "^1.0.0",
                "is-callable": "^1.1.4",
                "is-regex": "^1.0.4",
                "object-inspect": "^1.6.0",
                "object-keys": "^1.1.1",
                "string.prototype.trimleft": "^2.1.0",
                "string.prototype.trimright": "^2.1.0"
            }
        },
        "es-to-primitive": {
            "version": "1.2.0",
            "resolved": "https://registry.npm.taobao.org/es-to-primitive/download/es-to-primitive-1.2.0.tgz",
            "integrity": "sha1-7fckeAM0VujdqO8J4ArZZQcH83c=",
            "requires": {
                "is-callable": "^1.1.4",
                "is-date-object": "^1.0.1",
                "is-symbol": "^1.0.2"
            }
        },
        "fast-json-parse": {
            "version": "1.0.3",
            "resolved": "https://registry.npm.taobao.org/fast-json-parse/download/fast-json-parse-1.0.3.tgz",
            "integrity": "sha1-Q+XGHuTvqSZWMwRrdw+2gqdXfE0="
        },
        "for-each": {
            "version": "0.3.3",
            "resolved": "https://registry.npm.taobao.org/for-each/download/for-each-0.3.3.tgz",
            "integrity": "sha1-abRH6IoKXTLD5whPPxcQA0shN24=",
            "requires": {
                "is-callable": "^1.1.3"
            }
        },
        "fs-extra": {
            "version": "8.1.0",
            "resolved": "https://registry.npm.taobao.org/fs-extra/download/fs-extra-8.1.0.tgz?cache=0&other_urls=https%3A%2F%2Fregistry.npm.taobao.org%2Ffs-extra%2Fdownload%2Ffs-extra-8.1.0.tgz",
            "integrity": "sha1-SdQ8RaiM2Wd2aMt74bRu/bjS4cA=",
            "requires": {
                "graceful-fs": "^4.2.0",
                "jsonfile": "^4.0.0",
                "universalify": "^0.1.0"
            }
        },
        "fs.realpath": {
            "version": "1.0.0",
            "resolved": "https://registry.npm.taobao.org/fs.realpath/download/fs.realpath-1.0.0.tgz",
            "integrity": "sha1-FQStJSMVjKpA20onh8sBQRmU6k8="
        },
        "function-bind": {
            "version": "1.1.1",
            "resolved": "https://registry.npm.taobao.org/function-bind/download/function-bind-1.1.1.tgz",
            "integrity": "sha1-pWiZ0+o8m6uHS7l3O3xe3pL0iV0="
        },
        "glob": {
            "version": "7.1.5",
            "resolved": "https://registry.npm.taobao.org/glob/download/glob-7.1.5.tgz?cache=0&other_urls=https%3A%2F%2Fregistry.npm.taobao.org%2Fglob%2Fdownload%2Fglob-7.1.5.tgz",
            "integrity": "sha1-ZxTGm+4g88PmTE3ZBVU+UytAzcA=",
            "requires": {
                "fs.realpath": "^1.0.0",
                "inflight": "^1.0.4",
                "inherits": "2",
                "minimatch": "^3.0.4",
                "once": "^1.3.0",
                "path-is-absolute": "^1.0.0"
            }
        },
        "graceful-fs": {
            "version": "4.2.2",
            "resolved": "https://registry.npm.taobao.org/graceful-fs/download/graceful-fs-4.2.2.tgz",
            "integrity": "sha1-bwlSYF0BQMHP2xOO0AV3W5LWewI="
        },
        "has": {
            "version": "1.0.3",
            "resolved": "https://registry.npm.taobao.org/has/download/has-1.0.3.tgz",
            "integrity": "sha1-ci18v8H2qoJB8W3YFOAR4fQeh5Y=",
            "requires": {
                "function-bind": "^1.1.1"
            }
        },
        "has-symbols": {
            "version": "1.0.0",
            "resolved": "https://registry.npm.taobao.org/has-symbols/download/has-symbols-1.0.0.tgz",
            "integrity": "sha1-uhqPGvKg/DllD1yFA2dwQSIGO0Q="
        },
        "inflight": {
            "version": "1.0.6",
            "resolved": "https://registry.npm.taobao.org/inflight/download/inflight-1.0.6.tgz",
            "integrity": "sha1-Sb1jMdfQLQwJvJEKEHW6gWW1bfk=",
            "requires": {
                "once": "^1.3.0",
                "wrappy": "1"
            }
        },
        "inherits": {
            "version": "2.0.4",
            "resolved": "https://registry.npm.taobao.org/inherits/download/inherits-2.0.4.tgz?cache=0&sync_timestamp=1560975547815&other_urls=https%3A%2F%2Fregistry.npm.taobao.org%2Finherits%2Fdownload%2Finherits-2.0.4.tgz",
            "integrity": "sha1-D6LGT5MpF8NDOg3tVTY6rjdBa3w="
        },
        "ios-sim": {
            "version": "8.0.2",
            "resolved": "https://registry.npmjs.org/ios-sim/-/ios-sim-8.0.2.tgz",
            "integrity": "sha512-P7nEG771bfd+JoMRjnis1gpZOkjTUUxu+4Ek1Z+eoaEEoT9byllU9pxfQ8Df7hL3gSkIQxNwTSLhos2I8tWUQA==",
            "requires": {
                "bplist-parser": "^0.0.6",
                "nopt": "1.0.9",
                "plist": "^3.0.1",
                "simctl": "^2"
            },
            "dependencies": {
                "bplist-parser": {
                    "version": "0.0.6",
                    "resolved": "https://registry.npmjs.org/bplist-parser/-/bplist-parser-0.0.6.tgz",
                    "integrity": "sha1-ONo0cYF9+dRKs4kuJ3B7u9daEbk="
                },
                "nopt": {
                    "version": "1.0.9",
                    "resolved": "https://registry.npmjs.org/nopt/-/nopt-1.0.9.tgz",
                    "integrity": "sha1-O8DXy6e/sNWmdtvtfA6+SKT9RU4=",
                    "requires": {
                        "abbrev": "1"
                    }
                }
            }
        },
        "is-callable": {
            "version": "1.1.4",
            "resolved": "https://registry.npm.taobao.org/is-callable/download/is-callable-1.1.4.tgz",
            "integrity": "sha1-HhrfIZ4e62hNaR+dagX/DTCiTXU="
        },
        "is-date-object": {
            "version": "1.0.1",
            "resolved": "https://registry.npm.taobao.org/is-date-object/download/is-date-object-1.0.1.tgz",
            "integrity": "sha1-mqIOtq7rv/d/vTPnTKAbM1gdOhY="
        },
        "is-obj": {
            "version": "1.0.1",
            "resolved": "https://registry.npm.taobao.org/is-obj/download/is-obj-1.0.1.tgz",
            "integrity": "sha1-PkcprB9f3gJc19g6iW2rn09n2w8="
        },
        "is-regex": {
            "version": "1.0.4",
            "resolved": "https://registry.npm.taobao.org/is-regex/download/is-regex-1.0.4.tgz",
            "integrity": "sha1-VRdIm1RwkbCTDglWVM7SXul+lJE=",
            "requires": {
                "has": "^1.0.1"
            }
        },
        "is-symbol": {
            "version": "1.0.2",
            "resolved": "https://registry.npm.taobao.org/is-symbol/download/is-symbol-1.0.2.tgz",
            "integrity": "sha1-oFX2rlcZLK7jKeeoYBGLSXqVDzg=",
            "requires": {
                "has-symbols": "^1.0.0"
            }
        },
        "isexe": {
            "version": "2.0.0",
            "resolved": "https://registry.npm.taobao.org/isexe/download/isexe-2.0.0.tgz",
            "integrity": "sha1-6PvzdNxVb/iUehDcsFctYz8s+hA="
        },
        "jsonfile": {
            "version": "4.0.0",
            "resolved": "https://registry.npm.taobao.org/jsonfile/download/jsonfile-4.0.0.tgz",
            "integrity": "sha1-h3Gq4HmbZAdrdmQPygWPnBDjPss=",
            "requires": {
                "graceful-fs": "^4.1.6"
            }
        },
        "minimatch": {
            "version": "3.0.4",
            "resolved": "https://registry.npm.taobao.org/minimatch/download/minimatch-3.0.4.tgz",
            "integrity": "sha1-UWbihkV/AzBgZL5Ul+jbsMPTIIM=",
            "requires": {
                "brace-expansion": "^1.1.7"
            }
        },
        "minimist": {
            "version": "1.2.0",
            "resolved": "https://registry.npm.taobao.org/minimist/download/minimist-1.2.0.tgz",
            "integrity": "sha1-o1AIsg9BOD7sH7kU9M1d95omQoQ="
        },
        "nice-try": {
            "version": "1.0.5",
            "resolved": "https://registry.npm.taobao.org/nice-try/download/nice-try-1.0.5.tgz",
            "integrity": "sha1-ozeKdpbOfSI+iPybdkvX7xCJ42Y="
        },
        "nopt": {
            "version": "4.0.1",
            "resolved": "https://registry.npm.taobao.org/nopt/download/nopt-4.0.1.tgz?cache=0&other_urls=https%3A%2F%2Fregistry.npm.taobao.org%2Fnopt%2Fdownload%2Fnopt-4.0.1.tgz",
            "integrity": "sha1-0NRoWv1UFRk8jHUFYC0NF81kR00=",
            "requires": {
                "abbrev": "1",
                "osenv": "^0.1.4"
            }
        },
        "object-inspect": {
            "version": "1.6.0",
            "resolved": "https://registry.npm.taobao.org/object-inspect/download/object-inspect-1.6.0.tgz",
            "integrity": "sha1-xwtsv3LydKq0w0wMgvUWe/gs8Vs="
        },
        "object-keys": {
            "version": "1.1.1",
            "resolved": "https://registry.npm.taobao.org/object-keys/download/object-keys-1.1.1.tgz",
            "integrity": "sha1-HEfyct8nfzsdrwYWd9nILiMixg4="
        },
        "objectorarray": {
            "version": "1.0.3",
            "resolved": "https://registry.npm.taobao.org/objectorarray/download/objectorarray-1.0.3.tgz",
            "integrity": "sha1-0qLekJfAakjX13Jk/XFAZRnnx3I=",
            "requires": {
                "tape": "^4.8.0"
            }
        },
        "once": {
            "version": "1.4.0",
            "resolved": "https://registry.npm.taobao.org/once/download/once-1.4.0.tgz",
            "integrity": "sha1-WDsap3WWHUsROsF9nFC6753Xa9E=",
            "requires": {
                "wrappy": "1"
            }
        },
        "os-homedir": {
            "version": "1.0.2",
            "resolved": "https://registry.npm.taobao.org/os-homedir/download/os-homedir-1.0.2.tgz",
            "integrity": "sha1-/7xJiDNuDoM94MFox+8VISGqf7M="
        },
        "os-tmpdir": {
            "version": "1.0.2",
            "resolved": "https://registry.npm.taobao.org/os-tmpdir/download/os-tmpdir-1.0.2.tgz",
            "integrity": "sha1-u+Z0BseaqFxc/sdm/lc0VV36EnQ="
        },
        "osenv": {
            "version": "0.1.5",
            "resolved": "https://registry.npm.taobao.org/osenv/download/osenv-0.1.5.tgz?cache=0&other_urls=https%3A%2F%2Fregistry.npm.taobao.org%2Fosenv%2Fdownload%2Fosenv-0.1.5.tgz",
            "integrity": "sha1-hc36+uso6Gd/QW4odZK18/SepBA=",
            "requires": {
                "os-homedir": "^1.0.0",
                "os-tmpdir": "^1.0.0"
            }
        },
        "path-is-absolute": {
            "version": "1.0.1",
            "resolved": "https://registry.npm.taobao.org/path-is-absolute/download/path-is-absolute-1.0.1.tgz",
            "integrity": "sha1-F0uSaHNVNP+8es5r9TpanhtcX18="
        },
        "path-key": {
            "version": "2.0.1",
            "resolved": "https://registry.npm.taobao.org/path-key/download/path-key-2.0.1.tgz",
            "integrity": "sha1-QRyttXTFoUDTpLGRDUDYDMn0C0A="
        },
        "path-parse": {
            "version": "1.0.6",
            "resolved": "https://registry.npm.taobao.org/path-parse/download/path-parse-1.0.6.tgz",
            "integrity": "sha1-1i27VnlAXXLEc37FhgDp3c8G0kw="
        },
        "plist": {
            "version": "3.0.1",
            "resolved": "https://registry.npm.taobao.org/plist/download/plist-3.0.1.tgz",
            "integrity": "sha1-qbkx0XwwTokS7wujvdYYK68uH4w=",
            "requires": {
                "base64-js": "^1.2.3",
                "xmlbuilder": "^9.0.7",
                "xmldom": "0.1.x"
            }
        },
        "properties-parser": {
            "version": "0.3.1",
            "resolved": "https://registry.npm.taobao.org/properties-parser/download/properties-parser-0.3.1.tgz",
            "integrity": "sha1-ExbpU5/7/ZOEXjabIRAiq9R4dxo=",
            "requires": {
                "string.prototype.codepointat": "^0.2.0"
            }
        },
        "q": {
            "version": "1.5.1",
            "resolved": "https://registry.npm.taobao.org/q/download/q-1.5.1.tgz",
            "integrity": "sha1-fjL3W0E4EpHQRhHxvxQQmsAGUdc="
        },
        "qrcode-reader": {
            "version": "1.0.4",
            "resolved": "https://registry.npmjs.org/qrcode-reader/-/qrcode-reader-1.0.4.tgz",
            "integrity": "sha512-rRjALGNh9zVqvweg1j5OKIQKNsw3bLC+7qwlnead5K/9cb1cEIAGkwikt/09U0K+2IDWGD9CC6SP7tHAjUeqvQ=="
        },
        "resolve": {
            "version": "1.11.1",
            "resolved": "https://registry.npm.taobao.org/resolve/download/resolve-1.11.1.tgz?cache=0&sync_timestamp=1564641434608&other_urls=https%3A%2F%2Fregistry.npm.taobao.org%2Fresolve%2Fdownload%2Fresolve-1.11.1.tgz",
            "integrity": "sha1-6hDYEQN2mC/vV434/DC5rDCgej4=",
            "requires": {
                "path-parse": "^1.0.6"
            }
        },
        "resumer": {
            "version": "0.0.0",
            "resolved": "https://registry.npm.taobao.org/resumer/download/resumer-0.0.0.tgz",
            "integrity": "sha1-8ej0YeQGS6Oegq883CqMiT0HZ1k=",
            "requires": {
                "through": "~2.3.4"
            }
        },
        "sax": {
            "version": "1.1.4",
            "resolved": "https://registry.npm.taobao.org/sax/download/sax-1.1.4.tgz",
            "integrity": "sha1-dLbTPJrh4AFRDxeakRaFiPGu2qk="
        },
        "sdp": {
            "version": "1.5.4",
            "resolved": "https://registry.npmjs.org/sdp/-/sdp-1.5.4.tgz",
            "integrity": "sha1-jgOPbdsUvXZa4fS1IW4SCUUR4NA="
        },
        "semver": {
            "version": "5.7.1",
            "resolved": "https://registry.npm.taobao.org/semver/download/semver-5.7.1.tgz?cache=0&sync_timestamp=1565627362346&other_urls=https%3A%2F%2Fregistry.npm.taobao.org%2Fsemver%2Fdownload%2Fsemver-5.7.1.tgz",
            "integrity": "sha1-qVT5Ma66UI0we78Gnv8MAclhFvc="
        },
        "shebang-command": {
            "version": "1.2.0",
            "resolved": "https://registry.npm.taobao.org/shebang-command/download/shebang-command-1.2.0.tgz?cache=0&other_urls=https%3A%2F%2Fregistry.npm.taobao.org%2Fshebang-command%2Fdownload%2Fshebang-command-1.2.0.tgz",
            "integrity": "sha1-RKrGW2lbAzmJaMOfNj/uXer98eo=",
            "requires": {
                "shebang-regex": "^1.0.0"
            }
        },
        "shebang-regex": {
            "version": "1.0.0",
            "resolved": "https://registry.npm.taobao.org/shebang-regex/download/shebang-regex-1.0.0.tgz",
            "integrity": "sha1-2kL0l0DAtC2yypcoVxyxkMmO/qM="
        },
        "shelljs": {
            "version": "0.5.3",
            "resolved": "https://registry.npm.taobao.org/shelljs/download/shelljs-0.5.3.tgz?cache=0&other_urls=https%3A%2F%2Fregistry.npm.taobao.org%2Fshelljs%2Fdownload%2Fshelljs-0.5.3.tgz",
            "integrity": "sha1-xUmCuZbHbvDB5rWfvcWCX1txMRM="
        },
        "simctl": {
            "version": "2.0.0",
            "resolved": "https://registry.npmjs.org/simctl/-/simctl-2.0.0.tgz",
            "integrity": "sha512-5rB7rN4N3b0z0nFdy9eczVssXqrv2aAgdVRksPVqVoiDtvXmfzNvebp3EMdId2sAUzXIflarQlx4P0hjVQEzKQ==",
            "requires": {
                "shelljs": "^0.2.6",
                "tail": "^0.4.0"
            },
            "dependencies": {
                "shelljs": {
                    "version": "0.2.6",
                    "resolved": "https://registry.npmjs.org/shelljs/-/shelljs-0.2.6.tgz",
                    "integrity": "sha1-kEktcv/MgVmXa6umL7D2iE8MM3g="
                }
            }
        },
        "simple-plist": {
            "version": "1.1.0",
            "resolved": "https://registry.npmjs.org/simple-plist/-/simple-plist-1.1.0.tgz",
            "integrity": "sha512-2i5Tc0BYAqppM7jVzmNrI+aEUntPolIq4fDgji6WuNNn1D/qYdn2KwoLhZdzQkE04lu9L5tUoeJsjuJAvd+lFg==",
            "requires": {
                "bplist-creator": "0.0.8",
                "bplist-parser": "0.2.0",
                "plist": "^3.0.1"
            },
            "dependencies": {
                "bplist-parser": {
                    "version": "0.2.0",
                    "resolved": "https://registry.npmjs.org/bplist-parser/-/bplist-parser-0.2.0.tgz",
                    "integrity": "sha512-z0M+byMThzQmD9NILRniCUXYsYpjwnlO8N5uCFaCqIOpqRsJCrQL9NK3JsD67CN5a08nF5oIL2bD6loTdHOuKw==",
                    "requires": {
                        "big-integer": "^1.6.44"
                    }
                }
            }
        },
        "stream-buffers": {
            "version": "2.2.0",
            "resolved": "https://registry.npmjs.org/stream-buffers/-/stream-buffers-2.2.0.tgz",
            "integrity": "sha1-kdX1Ew0c75bc+n9yaUUYh0HQnuQ="
        },
        "string.prototype.codepointat": {
            "version": "0.2.1",
            "resolved": "https://registry.npm.taobao.org/string.prototype.codepointat/download/string.prototype.codepointat-0.2.1.tgz",
            "integrity": "sha1-AErUTIr8cnUnsQjNRitNlxzUabw="
        },
        "string.prototype.trim": {
            "version": "1.1.2",
            "resolved": "https://registry.npm.taobao.org/string.prototype.trim/download/string.prototype.trim-1.1.2.tgz?cache=0&sync_timestamp=1563993185027&other_urls=https%3A%2F%2Fregistry.npm.taobao.org%2Fstring.prototype.trim%2Fdownload%2Fstring.prototype.trim-1.1.2.tgz",
            "integrity": "sha1-0E3iyJ4Tf019IG8Ia17S+ua+jOo=",
            "requires": {
                "define-properties": "^1.1.2",
                "es-abstract": "^1.5.0",
                "function-bind": "^1.0.2"
            }
        },
        "string.prototype.trimleft": {
            "version": "2.1.0",
            "resolved": "https://registry.npm.taobao.org/string.prototype.trimleft/download/string.prototype.trimleft-2.1.0.tgz?cache=0&sync_timestamp=1568091095735&other_urls=https%3A%2F%2Fregistry.npm.taobao.org%2Fstring.prototype.trimleft%2Fdownload%2Fstring.prototype.trimleft-2.1.0.tgz",
            "integrity": "sha1-bMR/DX641isPNwFhFxWjlUWR1jQ=",
            "requires": {
                "define-properties": "^1.1.3",
                "function-bind": "^1.1.1"
            }
        },
        "string.prototype.trimright": {
            "version": "2.1.0",
            "resolved": "https://registry.npm.taobao.org/string.prototype.trimright/download/string.prototype.trimright-2.1.0.tgz?cache=0&other_urls=https%3A%2F%2Fregistry.npm.taobao.org%2Fstring.prototype.trimright%2Fdownload%2Fstring.prototype.trimright-2.1.0.tgz",
            "integrity": "sha1-Zp0WS+nfm291WfqOiZRbFopabFg=",
            "requires": {
                "define-properties": "^1.1.3",
                "function-bind": "^1.1.1"
            }
        },
        "strip-bom": {
            "version": "3.0.0",
            "resolved": "https://registry.npm.taobao.org/strip-bom/download/strip-bom-3.0.0.tgz",
            "integrity": "sha1-IzTBjpx1n3vdVv3vfprj1YjmjtM="
        },
        "tail": {
            "version": "0.4.0",
            "resolved": "https://registry.npmjs.org/tail/-/tail-0.4.0.tgz",
            "integrity": "sha1-0p3nJ1DMmdseBTr/E8NZ7PtxMAI="
        },
        "tape": {
            "version": "4.11.0",
            "resolved": "https://registry.npm.taobao.org/tape/download/tape-4.11.0.tgz",
            "integrity": "sha1-Y9QazNleRaI6h0RzBRxX/bxY7cE=",
            "requires": {
                "deep-equal": "~1.0.1",
                "defined": "~1.0.0",
                "for-each": "~0.3.3",
                "function-bind": "~1.1.1",
                "glob": "~7.1.4",
                "has": "~1.0.3",
                "inherits": "~2.0.4",
                "minimist": "~1.2.0",
                "object-inspect": "~1.6.0",
                "resolve": "~1.11.1",
                "resumer": "~0.0.0",
                "string.prototype.trim": "~1.1.2",
                "through": "~2.3.8"
            }
        },
        "through": {
            "version": "2.3.8",
            "resolved": "https://registry.npm.taobao.org/through/download/through-2.3.8.tgz",
            "integrity": "sha1-DdTJ/6q8NXlgsbckEV1+Doai4fU="
        },
        "underscore": {
            "version": "1.13.1",
            "resolved": "https://registry.npmjs.org/underscore/-/underscore-1.13.1.tgz",
            "integrity": "sha512-hzSoAVtJF+3ZtiFX0VgfFPHEDRm7Y/QPjGyNo4TVdnDTdft3tr8hEkD25a1jC+TjTuE7tkHGKkhwCgs9dgBB2g=="
        },
        "universalify": {
            "version": "0.1.2",
            "resolved": "https://registry.npm.taobao.org/universalify/download/universalify-0.1.2.tgz",
            "integrity": "sha1-tkb2m+OULavOzJ1mOcgNwQXvqmY="
        },
        "unorm": {
            "version": "1.6.0",
            "resolved": "https://registry.npmjs.org/unorm/-/unorm-1.6.0.tgz",
            "integrity": "sha512-b2/KCUlYZUeA7JFUuRJZPUtr4gZvBh7tavtv4fvk4+KV9pfGiR6CQAQAWl49ZpR3ts2dk4FYkP7EIgDJoiOLDA=="
        },
        "uuid": {
            "version": "3.3.3",
            "resolved": "https://registry.npmjs.org/uuid/-/uuid-3.3.3.tgz",
            "integrity": "sha512-pW0No1RGHgzlpHJO1nsVrHKpOEIxkGg1xB+v0ZmdNH5OAeAwzAVrCnI2/6Mtx+Uys6iaylxa+D3g4j63IKKjSQ=="
        },
        "webrtc-adapter": {
            "version": "3.4.3",
            "resolved": "https://registry.npmjs.org/webrtc-adapter/-/webrtc-adapter-3.4.3.tgz",
            "integrity": "sha1-tjYGLu6abvFYrNDYUBtnhDS1bxY=",
            "requires": {
                "sdp": "^1.5.0"
            }
        },
        "which": {
            "version": "1.3.1",
            "resolved": "https://registry.npm.taobao.org/which/download/which-1.3.1.tgz?cache=0&sync_timestamp=1570146293742&other_urls=https%3A%2F%2Fregistry.npm.taobao.org%2Fwhich%2Fdownload%2Fwhich-1.3.1.tgz",
            "integrity": "sha1-pFBD1U9YBTFtqNYvn1CRjT2nCwo=",
            "requires": {
                "isexe": "^2.0.0"
            }
        },
        "wrappy": {
            "version": "1.0.2",
            "resolved": "https://registry.npm.taobao.org/wrappy/download/wrappy-1.0.2.tgz",
            "integrity": "sha1-tSQ9jz7BqjXxNkYFvA0QNuMKtp8="
        },
        "xcode": {
            "version": "2.0.0",
            "resolved": "https://registry.npmjs.org/xcode/-/xcode-2.0.0.tgz",
            "integrity": "sha512-5xF6RCjAdDEiEsbbZaS/gBRt3jZ/177otZcpoLCjGN/u1LrfgH7/Sgeeavpr/jELpyDqN2im3AKosl2G2W8hfw==",
            "requires": {
                "simple-plist": "^1.0.0",
                "uuid": "^3.3.2"
            }
        },
        "xml-escape": {
            "version": "1.1.0",
            "resolved": "https://registry.npmjs.org/xml-escape/-/xml-escape-1.1.0.tgz",
            "integrity": "sha1-OQTBQ/qOs6ADDsZG0pAqLxtwbEQ="
        },
        "xmlbuilder": {
            "version": "9.0.7",
            "resolved": "https://registry.npm.taobao.org/xmlbuilder/download/xmlbuilder-9.0.7.tgz",
            "integrity": "sha1-Ey7mPS7FVlxVfiD0wi35rKaGsQ0="
        },
        "xmldom": {
            "version": "0.1.27",
            "resolved": "https://registry.npm.taobao.org/xmldom/download/xmldom-0.1.27.tgz",
            "integrity": "sha1-1QH5ezvbQDr4757MIFcxh6rawOk="
        }
    }
}
